%{
  "exexif": {:hex, :exexif, "0.0.5", "82c800258b4b8d1ac7197bf17e2cdf288f553deb058efa8ba0110daf0a1dccb8", [:mix], [], "hexpm", "8ce9a19abe0bdae4a9a5dcda1469b98a34b7097776a2ca933a65104b27d14fa0"},
  "jason": {:hex, :jason, "1.2.2", "ba43e3f2709fd1aa1dce90aaabfd039d000469c05c56f0b8e31978e03fa39052", [:mix], [{:decimal, "~> 1.0 or ~> 2.0", [hex: :decimal, repo: "hexpm", optional: true]}], "hexpm", "18a228f5f0058ee183f29f9eae0805c6e59d61c3b006760668d8d18ff0d12179"},
}
